
Microsoft Visual Studio Solution File, Format Version 11.00
# Visual Studio 2010
Project("{FAE04EC0-301F-11D3-BF4B-00C04F79EFBC}") = "findNetPrinter", "findNetPrinter\findNetPrinter.csproj", "{1784F590-96C4-4700-A093-B77632D4A107}"
EndProject
Global
	GlobalSection(SolutionConfigurationPlatforms) = preSolution
		Debug|x86 = Debug|x86
		Release|x86 = Release|x86
	EndGlobalSection
	GlobalSection(ProjectConfigurationPlatforms) = postSolution
		{1784F590-96C4-4700-A093-B77632D4A107}.Debug|x86.ActiveCfg = Debug|x86
		{1784F590-96C4-4700-A093-B77632D4A107}.Debug|x86.Build.0 = Debug|x86
		{1784F590-96C4-4700-A093-B77632D4A107}.Release|x86.ActiveCfg = Release|x86
		{1784F590-96C4-4700-A093-B77632D4A107}.Release|x86.Build.0 = Release|x86
	EndGlobalSection
	GlobalSection(SolutionProperties) = preSolution
		HideSolutionNode = FALSE
	EndGlobalSection
EndGlobal
